
Microsoft Visual Studio Solution File, Format Version 12.00
# Visual Studio Version 17
VisualStudioVersion = 17.9.34902.65
MinimumVisualStudioVersion = 10.0.40219.1
Project("{FAE04EC0-301F-11D3-BF4B-00C04F79EFBC}") = "API.Web", "API.Web\API.Web.csproj", "{4C3BAE55-74B8-40CA-ADC4-F563FB627584}"
EndProject
Project("{FAE04EC0-301F-11D3-BF4B-00C04F79EFBC}") = "API.Core", "API.Core\API.Core.csproj", "{A27564E1-45BC-427C-9475-B1DD144B1001}"
EndProject
Project("{FAE04EC0-301F-11D3-BF4B-00C04F79EFBC}") = "API.Services", "API.Services\API.Services.csproj", "{777BC31E-C390-4B61-8D92-EA6CA26520CD}"
EndProject
Project("{FAE04EC0-301F-11D3-BF4B-00C04F79EFBC}") = "API.DataAccess", "API.DataAccess\API.DataAccess.csproj", "{5F7E7973-DAA7-47C2-BC48-0E84D4E4159E}"
EndProject
Global
	GlobalSection(SolutionConfigurationPlatforms) = preSolution
		Debug|Any CPU = Debug|Any CPU
		Release|Any CPU = Release|Any CPU
	EndGlobalSection
	GlobalSection(ProjectConfigurationPlatforms) = postSolution
		{4C3BAE55-74B8-40CA-ADC4-F563FB627584}.Debug|Any CPU.ActiveCfg = Debug|Any CPU
		{4C3BAE55-74B8-40CA-ADC4-F563FB627584}.Debug|Any CPU.Build.0 = Debug|Any CPU
		{4C3BAE55-74B8-40CA-ADC4-F563FB627584}.Release|Any CPU.ActiveCfg = Release|Any CPU
		{4C3BAE55-74B8-40CA-ADC4-F563FB627584}.Release|Any CPU.Build.0 = Release|Any CPU
		{A27564E1-45BC-427C-9475-B1DD144B1001}.Debug|Any CPU.ActiveCfg = Debug|Any CPU
		{A27564E1-45BC-427C-9475-B1DD144B1001}.Debug|Any CPU.Build.0 = Debug|Any CPU
		{A27564E1-45BC-427C-9475-B1DD144B1001}.Release|Any CPU.ActiveCfg = Release|Any CPU
		{A27564E1-45BC-427C-9475-B1DD144B1001}.Release|Any CPU.Build.0 = Release|Any CPU
		{777BC31E-C390-4B61-8D92-EA6CA26520CD}.Debug|Any CPU.ActiveCfg = Debug|Any CPU
		{777BC31E-C390-4B61-8D92-EA6CA26520CD}.Debug|Any CPU.Build.0 = Debug|Any CPU
		{777BC31E-C390-4B61-8D92-EA6CA26520CD}.Release|Any CPU.ActiveCfg = Release|Any CPU
		{777BC31E-C390-4B61-8D92-EA6CA26520CD}.Release|Any CPU.Build.0 = Release|Any CPU
		{5F7E7973-DAA7-47C2-BC48-0E84D4E4159E}.Debug|Any CPU.ActiveCfg = Debug|Any CPU
		{5F7E7973-DAA7-47C2-BC48-0E84D4E4159E}.Debug|Any CPU.Build.0 = Debug|Any CPU
		{5F7E7973-DAA7-47C2-BC48-0E84D4E4159E}.Release|Any CPU.ActiveCfg = Release|Any CPU
		{5F7E7973-DAA7-47C2-BC48-0E84D4E4159E}.Release|Any CPU.Build.0 = Release|Any CPU
	EndGlobalSection
	GlobalSection(SolutionProperties) = preSolution
		HideSolutionNode = FALSE
	EndGlobalSection
	GlobalSection(ExtensibilityGlobals) = postSolution
		SolutionGuid = {20CC4F34-B5B2-4B2B-A165-7566DE01BC87}
	EndGlobalSection
EndGlobal
